{
  "version": 4,
  "terraform_version": "1.5.7",
  "serial": 7,
  "lineage": "d245428f-83cf-991c-6ed3-f866289c5601",
  "outputs": {
    "complete_aliases": {
      "value": {
        "test_key_2": {
          "arn": "arn:aws:kms:ap-southeast-1:819090289537:alias/test_key_2-20240116031226917900000001",
          "id": "alias/test_key_2-20240116031226917900000001",
          "name": "alias/test_key_2-20240116031226917900000001",
          "name_prefix": "alias/test_key_2-",
          "target_key_arn": "arn:aws:kms:ap-southeast-1:819090289537:key/c4acbf23-8e1c-4d14-bbb1-d302b5fb243d",
          "target_key_id": "c4acbf23-8e1c-4d14-bbb1-d302b5fb243d"
        }
      },
      "type": [
        "object",
        {
          "test_key_2": [
            "object",
            {
              "arn": "string",
              "id": "string",
              "name": "string",
              "name_prefix": "string",
              "target_key_arn": "string",
              "target_key_id": "string"
            }
          ]
        }
      ]
    },
    "complete_grants": {
      "value": {
        "lambda": {
          "constraints": [],
          "grant_creation_tokens": null,
          "grant_id": "d0b5557fb8863f6590c13d738344d6397161f70953dd630f8d984c24ae3108d3",
          "grant_token": "AQpAMjBiZmE5NmVjYTIzYjJlNjgxMWNhZWEzNzExM2VkYjJlMTYwY2M2YTg0YmU4MTljMDhkNmExYmY3MTI2MThkZiKZAgEBAgB4IL-pbsojsuaBHK6jcRPtsuFgzGqEvoGcCNahv3EmGN8AAADwMIHtBgkqhkiG9w0BBwaggd8wgdwCAQAwgdYGCSqGSIb3DQEHATAeBglghkgBZQMEAS4wEQQMwiyKFnAfGWsSNPtZAgEQgIGoKO4DVfb38ug5RyX52E-QCxvXEDZY7FkEU8ouWAdZDSi7j7Crk8HTln5m_ZSbAjaPtw22I7sVI6CAGU1LoyCsTlMpQY4gazBIq04e2wwseJD7QQPeD_c4EIUAt8ZeovcvKaMfV_c_7m4brQS635M_3hN5Ic_mJ3nNAl-E6ejMjdQXiP3d5HJwvzpRSvPyuaRcIKSq1utXU8NCiuuGVC8S7BwN-aR73mVEKiDQtVV_uIY_ZZDBPXODRNY5cWH3CVPdYw-NmEwkrjEI0w",
          "grantee_principal": "arn:aws:iam::819090289537:user/Joshua",
          "id": "c4acbf23-8e1c-4d14-bbb1-d302b5fb243d:d0b5557fb8863f6590c13d738344d6397161f70953dd630f8d984c24ae3108d3",
          "key_id": "c4acbf23-8e1c-4d14-bbb1-d302b5fb243d",
          "name": "lambda",
          "operations": [
            "Decrypt",
            "Encrypt",
            "GenerateDataKey"
          ],
          "retire_on_delete": false,
          "retiring_principal": null
        }
      },
      "type": [
        "object",
        {
          "lambda": [
            "object",
            {
              "constraints": [
                "set",
                [
                  "object",
                  {
                    "encryption_context_equals": [
                      "map",
                      "string"
                    ],
                    "encryption_context_subset": [
                      "map",
                      "string"
                    ]
                  }
                ]
              ],
              "grant_creation_tokens": [
                "set",
                "string"
              ],
              "grant_id": "string",
              "grant_token": "string",
              "grantee_principal": "string",
              "id": "string",
              "key_id": "string",
              "name": "string",
              "operations": [
                "set",
                "string"
              ],
              "retire_on_delete": "bool",
              "retiring_principal": "string"
            }
          ]
        }
      ]
    },
    "complete_key_arn": {
      "value": "arn:aws:kms:ap-southeast-1:819090289537:key/c4acbf23-8e1c-4d14-bbb1-d302b5fb243d",
      "type": "string"
    },
    "complete_key_id": {
      "value": "c4acbf23-8e1c-4d14-bbb1-d302b5fb243d",
      "type": "string"
    },
    "complete_key_policy": {
      "value": "{\"Statement\":[{\"Action\":\"kms:*\",\"Effect\":\"Allow\",\"Principal\":{\"AWS\":\"arn:aws:iam::819090289537:root\"},\"Resource\":\"*\",\"Sid\":\"Default\"},{\"Action\":\"kms:*\",\"Effect\":\"Allow\",\"Principal\":{\"AWS\":\"arn:aws:iam::819090289537:user/Joshua\"},\"Resource\":\"*\",\"Sid\":\"KeyOwner\"},{\"Action\":[\"kms:Update*\",\"kms:UntagResource\",\"kms:TagResource\",\"kms:ScheduleKeyDeletion\",\"kms:Revoke*\",\"kms:ReplicateKey\",\"kms:Put*\",\"kms:List*\",\"kms:ImportKeyMaterial\",\"kms:Get*\",\"kms:Enable*\",\"kms:Disable*\",\"kms:Describe*\",\"kms:Delete*\",\"kms:Create*\",\"kms:CancelKeyDeletion\"],\"Effect\":\"Allow\",\"Principal\":{\"AWS\":\"arn:aws:iam::819090289537:user/Joshua\"},\"Resource\":\"*\",\"Sid\":\"KeyAdministration\"},{\"Action\":[\"kms:ReEncrypt*\",\"kms:GenerateDataKey*\",\"kms:Encrypt\",\"kms:DescribeKey\",\"kms:Decrypt\"],\"Effect\":\"Allow\",\"Principal\":{\"AWS\":\"arn:aws:iam::819090289537:user/Joshua\"},\"Resource\":\"*\",\"Sid\":\"KeyUsage\"}],\"Version\":\"2012-10-17\"}",
      "type": "string"
    }
  },
  "resources": [
    {
      "mode": "data",
      "type": "aws_caller_identity",
      "name": "current",
      "provider": "provider[\"registry.terraform.io/hashicorp/aws\"]",
      "instances": [
        {
          "schema_version": 0,
          "attributes": {
            "account_id": "819090289537",
            "arn": "arn:aws:iam::819090289537:user/Joshua",
            "id": "819090289537",
            "user_id": "AIDA35NMV6OA43TBC3JRP"
          },
          "sensitive_attributes": []
        }
      ]
    },
    {
      "mode": "data",
      "type": "aws_region",
      "name": "current",
      "provider": "provider[\"registry.terraform.io/hashicorp/aws\"]",
      "instances": [
        {
          "schema_version": 0,
          "attributes": {
            "description": "Asia Pacific (Singapore)",
            "endpoint": "ec2.ap-southeast-1.amazonaws.com",
            "id": "ap-southeast-1",
            "name": "ap-southeast-1"
          },
          "sensitive_attributes": []
        }
      ]
    },
    {
      "module": "module.kms_complete",
      "mode": "data",
      "type": "aws_caller_identity",
      "name": "current",
      "provider": "provider[\"registry.terraform.io/hashicorp/aws\"]",
      "instances": [
        {
          "index_key": 0,
          "schema_version": 0,
          "attributes": {
            "account_id": "819090289537",
            "arn": "arn:aws:iam::819090289537:user/Joshua",
            "id": "819090289537",
            "user_id": "AIDA35NMV6OA43TBC3JRP"
          },
          "sensitive_attributes": []
        }
      ]
    },
    {
      "module": "module.kms_complete",
      "mode": "data",
      "type": "aws_iam_policy_document",
      "name": "this",
      "provider": "provider[\"registry.terraform.io/hashicorp/aws\"]",
      "instances": [
        {
          "index_key": 0,
          "schema_version": 0,
          "attributes": {
            "id": "4209481230",
            "json": "{\n  \"Version\": \"2012-10-17\",\n  \"Statement\": [\n    {\n      \"Sid\": \"Default\",\n      \"Effect\": \"Allow\",\n      \"Action\": \"kms:*\",\n      \"Resource\": \"*\",\n      \"Principal\": {\n        \"AWS\": \"arn:aws:iam::819090289537:root\"\n      }\n    },\n    {\n      \"Sid\": \"KeyOwner\",\n      \"Effect\": \"Allow\",\n      \"Action\": \"kms:*\",\n      \"Resource\": \"*\",\n      \"Principal\": {\n        \"AWS\": \"arn:aws:iam::819090289537:user/Joshua\"\n      }\n    },\n    {\n      \"Sid\": \"KeyAdministration\",\n      \"Effect\": \"Allow\",\n      \"Action\": [\n        \"kms:Update*\",\n        \"kms:UntagResource\",\n        \"kms:TagResource\",\n        \"kms:ScheduleKeyDeletion\",\n        \"kms:Revoke*\",\n        \"kms:ReplicateKey\",\n        \"kms:Put*\",\n        \"kms:List*\",\n        \"kms:ImportKeyMaterial\",\n        \"kms:Get*\",\n        \"kms:Enable*\",\n        \"kms:Disable*\",\n        \"kms:Describe*\",\n        \"kms:Delete*\",\n        \"kms:Create*\",\n        \"kms:CancelKeyDeletion\"\n      ],\n      \"Resource\": \"*\",\n      \"Principal\": {\n        \"AWS\": \"arn:aws:iam::819090289537:user/Joshua\"\n      }\n    },\n    {\n      \"Sid\": \"KeyUsage\",\n      \"Effect\": \"Allow\",\n      \"Action\": [\n        \"kms:ReEncrypt*\",\n        \"kms:GenerateDataKey*\",\n        \"kms:Encrypt\",\n        \"kms:DescribeKey\",\n        \"kms:Decrypt\"\n      ],\n      \"Resource\": \"*\",\n      \"Principal\": {\n        \"AWS\": \"arn:aws:iam::819090289537:user/Joshua\"\n      }\n    }\n  ]\n}",
            "override_policy_documents": null,
            "policy_id": null,
            "source_policy_documents": null,
            "statement": [
              {
                "actions": [
                  "kms:*"
                ],
                "condition": [],
                "effect": "Allow",
                "not_actions": [],
                "not_principals": [],
                "not_resources": [],
                "principals": [
                  {
                    "identifiers": [
                      "arn:aws:iam::819090289537:root"
                    ],
                    "type": "AWS"
                  }
                ],
                "resources": [
                  "*"
                ],
                "sid": "Default"
              },
              {
                "actions": [
                  "kms:*"
                ],
                "condition": [],
                "effect": "Allow",
                "not_actions": [],
                "not_principals": [],
                "not_resources": [],
                "principals": [
                  {
                    "identifiers": [
                      "arn:aws:iam::819090289537:user/Joshua"
                    ],
                    "type": "AWS"
                  }
                ],
                "resources": [
                  "*"
                ],
                "sid": "KeyOwner"
              },
              {
                "actions": [
                  "kms:CancelKeyDeletion",
                  "kms:Create*",
                  "kms:Delete*",
                  "kms:Describe*",
                  "kms:Disable*",
                  "kms:Enable*",
                  "kms:Get*",
                  "kms:ImportKeyMaterial",
                  "kms:List*",
                  "kms:Put*",
                  "kms:ReplicateKey",
                  "kms:Revoke*",
                  "kms:ScheduleKeyDeletion",
                  "kms:TagResource",
                  "kms:UntagResource",
                  "kms:Update*"
                ],
                "condition": [],
                "effect": "Allow",
                "not_actions": [],
                "not_principals": [],
                "not_resources": [],
                "principals": [
                  {
                    "identifiers": [
                      "arn:aws:iam::819090289537:user/Joshua"
                    ],
                    "type": "AWS"
                  }
                ],
                "resources": [
                  "*"
                ],
                "sid": "KeyAdministration"
              },
              {
                "actions": [
                  "kms:Decrypt",
                  "kms:DescribeKey",
                  "kms:Encrypt",
                  "kms:GenerateDataKey*",
                  "kms:ReEncrypt*"
                ],
                "condition": [],
                "effect": "Allow",
                "not_actions": [],
                "not_principals": [],
                "not_resources": [],
                "principals": [
                  {
                    "identifiers": [
                      "arn:aws:iam::819090289537:user/Joshua"
                    ],
                    "type": "AWS"
                  }
                ],
                "resources": [
                  "*"
                ],
                "sid": "KeyUsage"
              }
            ],
            "version": "2012-10-17"
          },
          "sensitive_attributes": []
        }
      ]
    },
    {
      "module": "module.kms_complete",
      "mode": "data",
      "type": "aws_partition",
      "name": "current",
      "provider": "provider[\"registry.terraform.io/hashicorp/aws\"]",
      "instances": [
        {
          "index_key": 0,
          "schema_version": 0,
          "attributes": {
            "dns_suffix": "amazonaws.com",
            "id": "aws",
            "partition": "aws",
            "reverse_dns_prefix": "com.amazonaws"
          },
          "sensitive_attributes": []
        }
      ]
    },
    {
      "module": "module.kms_complete",
      "mode": "managed",
      "type": "aws_kms_alias",
      "name": "this",
      "provider": "provider[\"registry.terraform.io/hashicorp/aws\"]",
      "instances": [
        {
          "index_key": "test_key_2",
          "schema_version": 0,
          "attributes": {
            "arn": "arn:aws:kms:ap-southeast-1:819090289537:alias/test_key_2-20240116031226917900000001",
            "id": "alias/test_key_2-20240116031226917900000001",
            "name": "alias/test_key_2-20240116031226917900000001",
            "name_prefix": "alias/test_key_2-",
            "target_key_arn": "arn:aws:kms:ap-southeast-1:819090289537:key/c4acbf23-8e1c-4d14-bbb1-d302b5fb243d",
            "target_key_id": "c4acbf23-8e1c-4d14-bbb1-d302b5fb243d"
          },
          "sensitive_attributes": [],
          "private": "bnVsbA==",
          "dependencies": [
            "data.aws_caller_identity.current",
            "module.kms_complete.aws_kms_external_key.this",
            "module.kms_complete.aws_kms_key.this",
            "module.kms_complete.aws_kms_replica_external_key.this",
            "module.kms_complete.aws_kms_replica_key.this",
            "module.kms_complete.data.aws_caller_identity.current",
            "module.kms_complete.data.aws_iam_policy_document.this",
            "module.kms_complete.data.aws_partition.current"
          ]
        }
      ]
    },
    {
      "module": "module.kms_complete",
      "mode": "managed",
      "type": "aws_kms_grant",
      "name": "this",
      "provider": "provider[\"registry.terraform.io/hashicorp/aws\"]",
      "instances": [
        {
          "index_key": "lambda",
          "schema_version": 0,
          "attributes": {
            "constraints": [],
            "grant_creation_tokens": null,
            "grant_id": "d0b5557fb8863f6590c13d738344d6397161f70953dd630f8d984c24ae3108d3",
            "grant_token": "AQpAMjBiZmE5NmVjYTIzYjJlNjgxMWNhZWEzNzExM2VkYjJlMTYwY2M2YTg0YmU4MTljMDhkNmExYmY3MTI2MThkZiKZAgEBAgB4IL-pbsojsuaBHK6jcRPtsuFgzGqEvoGcCNahv3EmGN8AAADwMIHtBgkqhkiG9w0BBwaggd8wgdwCAQAwgdYGCSqGSIb3DQEHATAeBglghkgBZQMEAS4wEQQMwiyKFnAfGWsSNPtZAgEQgIGoKO4DVfb38ug5RyX52E-QCxvXEDZY7FkEU8ouWAdZDSi7j7Crk8HTln5m_ZSbAjaPtw22I7sVI6CAGU1LoyCsTlMpQY4gazBIq04e2wwseJD7QQPeD_c4EIUAt8ZeovcvKaMfV_c_7m4brQS635M_3hN5Ic_mJ3nNAl-E6ejMjdQXiP3d5HJwvzpRSvPyuaRcIKSq1utXU8NCiuuGVC8S7BwN-aR73mVEKiDQtVV_uIY_ZZDBPXODRNY5cWH3CVPdYw-NmEwkrjEI0w",
            "grantee_principal": "arn:aws:iam::819090289537:user/Joshua",
            "id": "c4acbf23-8e1c-4d14-bbb1-d302b5fb243d:d0b5557fb8863f6590c13d738344d6397161f70953dd630f8d984c24ae3108d3",
            "key_id": "c4acbf23-8e1c-4d14-bbb1-d302b5fb243d",
            "name": "lambda",
            "operations": [
              "Decrypt",
              "Encrypt",
              "GenerateDataKey"
            ],
            "retire_on_delete": false,
            "retiring_principal": null
          },
          "sensitive_attributes": [],
          "private": "bnVsbA==",
          "dependencies": [
            "data.aws_caller_identity.current",
            "module.kms_complete.aws_kms_external_key.this",
            "module.kms_complete.aws_kms_key.this",
            "module.kms_complete.aws_kms_replica_external_key.this",
            "module.kms_complete.aws_kms_replica_key.this",
            "module.kms_complete.data.aws_caller_identity.current",
            "module.kms_complete.data.aws_iam_policy_document.this",
            "module.kms_complete.data.aws_partition.current"
          ]
        }
      ]
    },
    {
      "module": "module.kms_complete",
      "mode": "managed",
      "type": "aws_kms_key",
      "name": "this",
      "provider": "provider[\"registry.terraform.io/hashicorp/aws\"]",
      "instances": [
        {
          "index_key": 0,
          "schema_version": 0,
          "attributes": {
            "arn": "arn:aws:kms:ap-southeast-1:819090289537:key/c4acbf23-8e1c-4d14-bbb1-d302b5fb243d",
            "bypass_policy_lockout_safety_check": false,
            "custom_key_store_id": "",
            "customer_master_key_spec": "SYMMETRIC_DEFAULT",
            "deletion_window_in_days": 7,
            "description": "Test key 2",
            "enable_key_rotation": false,
            "id": "c4acbf23-8e1c-4d14-bbb1-d302b5fb243d",
            "is_enabled": false,
            "key_id": "c4acbf23-8e1c-4d14-bbb1-d302b5fb243d",
            "key_usage": "ENCRYPT_DECRYPT",
            "multi_region": false,
            "policy": "{\"Statement\":[{\"Action\":\"kms:*\",\"Effect\":\"Allow\",\"Principal\":{\"AWS\":\"arn:aws:iam::819090289537:root\"},\"Resource\":\"*\",\"Sid\":\"Default\"},{\"Action\":\"kms:*\",\"Effect\":\"Allow\",\"Principal\":{\"AWS\":\"arn:aws:iam::819090289537:user/Joshua\"},\"Resource\":\"*\",\"Sid\":\"KeyOwner\"},{\"Action\":[\"kms:Update*\",\"kms:UntagResource\",\"kms:TagResource\",\"kms:ScheduleKeyDeletion\",\"kms:Revoke*\",\"kms:ReplicateKey\",\"kms:Put*\",\"kms:List*\",\"kms:ImportKeyMaterial\",\"kms:Get*\",\"kms:Enable*\",\"kms:Disable*\",\"kms:Describe*\",\"kms:Delete*\",\"kms:Create*\",\"kms:CancelKeyDeletion\"],\"Effect\":\"Allow\",\"Principal\":{\"AWS\":\"arn:aws:iam::819090289537:user/Joshua\"},\"Resource\":\"*\",\"Sid\":\"KeyAdministration\"},{\"Action\":[\"kms:ReEncrypt*\",\"kms:GenerateDataKey*\",\"kms:Encrypt\",\"kms:DescribeKey\",\"kms:Decrypt\"],\"Effect\":\"Allow\",\"Principal\":{\"AWS\":\"arn:aws:iam::819090289537:user/Joshua\"},\"Resource\":\"*\",\"Sid\":\"KeyUsage\"}],\"Version\":\"2012-10-17\"}",
            "tags": {},
            "tags_all": {},
            "timeouts": null,
            "xks_key_id": ""
          },
          "sensitive_attributes": [],
          "private": "eyJlMmJmYjczMC1lY2FhLTExZTYtOGY4OC0zNDM2M2JjN2M0YzAiOnsiY3JlYXRlIjoxMjAwMDAwMDAwMDB9fQ==",
          "dependencies": [
            "module.kms_complete.data.aws_iam_policy_document.this"
          ]
        }
      ]
    }
  ],
  "check_results": null
}
